Microsoft Visual Studio Solution File, Format Version 12.00
# Visual Studio Version 17
VisualStudioVersion = 17.5.2.0
MinimumVisualStudioVersion = 10.0.40219.1
Project("{FAE04EC0-301F-11D3-BF4B-00C04F79EFBC}") = "NetworkMonitorBlazor", "NetworkMonitorBlazor.csproj", "{C40FC999-F250-4CC2-4CB9-9C78E81AC3D1}"
EndProject
Global
	GlobalSection(SolutionConfigurationPlatforms) = preSolution
		Debug|Any CPU = Debug|Any CPU
		Release|Any CPU = Release|Any CPU
	EndGlobalSection
	GlobalSection(ProjectConfigurationPlatforms) = postSolution
		{C40FC999-F250-4CC2-4CB9-9C78E81AC3D1}.Debug|Any CPU.ActiveCfg = Debug|Any CPU
		{C40FC999-F250-4CC2-4CB9-9C78E81AC3D1}.Debug|Any CPU.Build.0 = Debug|Any CPU
		{C40FC999-F250-4CC2-4CB9-9C78E81AC3D1}.Release|Any CPU.ActiveCfg = Release|Any CPU
		{C40FC999-F250-4CC2-4CB9-9C78E81AC3D1}.Release|Any CPU.Build.0 = Release|Any CPU
	EndGlobalSection
	GlobalSection(SolutionProperties) = preSolution
		HideSolutionNode = FALSE
	EndGlobalSection
	GlobalSection(ExtensibilityGlobals) = postSolution
		SolutionGuid = {8AD93F05-9C4B-4DE1-8589-17E68D071635}
	EndGlobalSection
EndGlobal
